// !$*UTF8*$!
{
	archiveVersion = 1;
	classes = {
	};
	objectVersion = 46;
	objects = {

/* Begin PBXBuildFile section */
		5F99E4B61C5A1E7E004284AF /* AppDelegate.swift in Sources */ = {isa = PBXBuildFile; fileRef = 5F99E4B51C5A1E7E004284AF /* AppDelegate.swift */; };
		5F99E4B81C5A1E7E004284AF /* ViewController.swift in Sources */ = {isa = PBXBuildFile; fileRef = 5F99E4B71C5A1E7E004284AF /* ViewController.swift */; };
		5F99E4BB1C5A1E7E004284AF /* Main.storyboard in Resources */ = {isa = PBXBuildFile; fileRef = 5F99E4B91C5A1E7E004284AF /* Main.storyboard */; };
		5F99E4BD1C5A1E7E004284AF /* Assets.xcassets in Resources */ = {isa = PBXBuildFile; fileRef = 5F99E4BC1C5A1E7E004284AF /* Assets.xcassets */; };
		5F99E4C01C5A1E7E004284AF /* LaunchScreen.storyboard in Resources */ = {isa = PBXBuildFile; fileRef = 5F99E4BE1C5A1E7E004284AF /* LaunchScreen.storyboard */; };
		5F99E4CB1C5A1E7E004284AF /* TomodachiAPITests.swift in Sources */ = {isa = PBXBuildFile; fileRef = 5F99E4CA1C5A1E7E004284AF /* TomodachiAPITests.swift */; };
		5F99E4D61C5A1E7E004284AF /* TomodachiAPIUITests.swift in Sources */ = {isa = PBXBuildFile; fileRef = 5F99E4D51C5A1E7E004284AF /* TomodachiAPIUITests.swift */; };
		9E6F170AA1578EEA40942E1A /* Pods_TomodachiAPI.framework in Frameworks */ = {isa = PBXBuildFile; fileRef = D739FF620C3825CABE7BD5AA /* Pods_TomodachiAPI.framework */; };
/* End PBXBuildFile section */

/* Begin PBXContainerItemProxy section */
		5F99E4C71C5A1E7E004284AF /* PBXContainerItemProxy */ = {
			isa = PBXContainerItemProxy;
			containerPortal = 5F99E4AA1C5A1E7E004284AF /* Project object */;
			proxyType = 1;
			remoteGlobalIDString = 5F99E4B11C5A1E7E004284AF;
			remoteInfo = TomodachiAPI;
		};
		5F99E4D21C5A1E7E004284AF /* PBXContainerItemProxy */ = {
			isa = PBXContainerItemProxy;
			containerPortal = 5F99E4AA1C5A1E7E004284AF /* Project object */;
			proxyType = 1;
			remoteGlobalIDString = 5F99E4B11C5A1E7E004284AF;
			remoteInfo = TomodachiAPI;
		};
/* End PBXContainerItemProxy section */

/* Begin PBXFileReference section */
		5F99E4B21C5A1E7E004284AF /* TomodachiAPI.app */ = {isa = PBXFileReference; explicitFileType = wrapper.application; includeInIndex = 0; path = TomodachiAPI.app; sourceTree = BUILT_PRODUCTS_DIR; };
		5F99E4B51C5A1E7E004284AF /* AppDelegate.swift */ = {isa = PBXFileReference; lastKnownFileType = sourcecode.swift; path = AppDelegate.swift; sourceTree = "<group>"; };
		5F99E4B71C5A1E7E004284AF /* ViewController.swift */ = {isa = PBXFileReference; lastKnownFileType = sourcecode.swift; path = ViewController.swift; sourceTree = "<group>"; };
		5F99E4BA1C5A1E7E004284AF /* Base */ = {isa = PBXFileReference; lastKnownFileType = file.storyboard; name = Base; path = Base.lproj/Main.storyboard; sourceTree = "<group>"; };
		5F99E4BC1C5A1E7E004284AF /* Assets.xcassets */ = {isa = PBXFileReference; lastKnownFileType = folder.assetcatalog; path = Assets.xcassets; sourceTree = "<group>"; };
		5F99E4BF1C5A1E7E004284AF /* Base */ = {isa = PBXFileReference; lastKnownFileType = file.storyboard; name = Base; path = Base.lproj/LaunchScreen.storyboard; sourceTree = "<group>"; };
		5F99E4C11C5A1E7E004284AF /* Info.plist */ = {isa = PBXFileReference; lastKnownFileType = text.plist.xml; path = Info.plist; sourceTree = "<group>"; };
		5F99E4C61C5A1E7E004284AF /* TomodachiAPITests.xctest */ = {isa = PBXFileReference; explicitFileType = wrapper.cfbundle; includeInIndex = 0; path = TomodachiAPITests.xctest; sourceTree = BUILT_PRODUCTS_DIR; };
		5F99E4CA1C5A1E7E004284AF /* TomodachiAPITests.swift */ = {isa = PBXFileReference; lastKnownFileType = sourcecode.swift; path = TomodachiAPITests.swift; sourceTree = "<group>"; };
		5F99E4CC1C5A1E7E004284AF /* Info.plist */ = {isa = PBXFileReference; lastKnownFileType = text.plist.xml; path = Info.plist; sourceTree = "<group>"; };
		5F99E4D11C5A1E7E004284AF /* TomodachiAPIUITests.xctest */ = {isa = PBXFileReference; explicitFileType = wrapper.cfbundle; includeInIndex = 0; path = TomodachiAPIUITests.xctest; sourceTree = BUILT_PRODUCTS_DIR; };
		5F99E4D51C5A1E7E004284AF /* TomodachiAPIUITests.swift */ = {isa = PBXFileReference; lastKnownFileType = sourcecode.swift; path = TomodachiAPIUITests.swift; sourceTree = "<group>"; };
		5F99E4D71C5A1E7E004284AF /* Info.plist */ = {isa = PBXFileReference; lastKnownFileType = text.plist.xml; path = Info.plist; sourceTree = "<group>"; };
		8FDA34B5DFA9F7FFCBF54271 /* Pods-TomodachiAPI.debug.xcconfig */ = {isa = PBXFileReference; includeInIndex = 1; lastKnownFileType = text.xcconfig; name = "Pods-TomodachiAPI.debug.xcconfig"; path = "Pods/Target Support Files/Pods-TomodachiAPI/Pods-TomodachiAPI.debug.xcconfig"; sourceTree = "<group>"; };
		9C542293B778D5D136CEAB68 /* Pods-TomodachiAPI.release.xcconfig */ = {isa = PBXFileReference; includeInIndex = 1; lastKnownFileType = text.xcconfig; name = "Pods-TomodachiAPI.release.xcconfig"; path = "Pods/Target Support Files/Pods-TomodachiAPI/Pods-TomodachiAPI.release.xcconfig"; sourceTree = "<group>"; };
		D739FF620C3825CABE7BD5AA /* Pods_TomodachiAPI.framework */ = {isa = PBXFileReference; explicitFileType = wrapper.framework; includeInIndex = 0; path = Pods_TomodachiAPI.framework; sourceTree = BUILT_PRODUCTS_DIR; };
/* End PBXFileReference section */

/* Begin PBXFrameworksBuildPhase section */
		5F99E4AF1C5A1E7E004284AF /* Frameworks */ = {
			isa = PBXFrameworksBuildPhase;
			buildActionMask = 2147483647;
			files = (
				9E6F170AA1578EEA40942E1A /* Pods_TomodachiAPI.framework in Frameworks */,
			);
			runOnlyForDeploymentPostprocessing = 0;
		};
		5F99E4C31C5A1E7E004284AF /* Frameworks */ = {
			isa = PBXFrameworksBuildPhase;
			buildActionMask = 2147483647;
			files = (
			);
			runOnlyForDeploymentPostprocessing = 0;
		};
		5F99E4CE1C5A1E7E004284AF /* Frameworks */ = {
			isa = PBXFrameworksBuildPhase;
			buildActionMask = 2147483647;
			files = (
			);
			runOnlyForDeploymentPostprocessing = 0;
		};
/* End PBXFrameworksBuildPhase section */

/* Begin PBXGroup section */
		5F99E4A91C5A1E7E004284AF = {
			isa = PBXGroup;
			children = (
				5F99E4B41C5A1E7E004284AF /* TomodachiAPI */,
				5F99E4C91C5A1E7E004284AF /* TomodachiAPITests */,
				5F99E4D41C5A1E7E004284AF /* TomodachiAPIUITests */,
				5F99E4B31C5A1E7E004284AF /* Products */,
				F3D3855F3CD05ECE035D3AFF /* Pods */,
				BAE09E63D8CB85D0A315681A /* Frameworks */,
			);
			sourceTree = "<group>";
		};
		5F99E4B31C5A1E7E004284AF /* Products */ = {
			isa = PBXGroup;
			children = (
				5F99E4B21C5A1E7E004284AF /* TomodachiAPI.app */,
				5F99E4C61C5A1E7E004284AF /* TomodachiAPITests.xctest */,
				5F99E4D11C5A1E7E004284AF /* TomodachiAPIUITests.xctest */,
			);
			name = Products;
			sourceTree = "<group>";
		};
		5F99E4B41C5A1E7E004284AF /* TomodachiAPI */ = {
			isa = PBXGroup;
			children = (
				5F99E4B51C5A1E7E004284AF /* AppDelegate.swift */,
				5F99E4B71C5A1E7E004284AF /* ViewController.swift */,
				5F99E4B91C5A1E7E004284AF /* Main.storyboard */,
				5F99E4BC1C5A1E7E004284AF /* Assets.xcassets */,
				5F99E4BE1C5A1E7E004284AF /* LaunchScreen.storyboard */,
				5F99E4C11C5A1E7E004284AF /* Info.plist */,
			);
			path = TomodachiAPI;
			sourceTree = "<group>";
		};
		5F99E4C91C5A1E7E004284AF /* TomodachiAPITests */ = {
			isa = PBXGroup;
			children = (
				5F99E4CA1C5A1E7E004284AF /* TomodachiAPITests.swift */,
				5F99E4CC1C5A1E7E004284AF /* Info.plist */,
			);
			path = TomodachiAPITests;
			sourceTree = "<group>";
		};
		5F99E4D41C5A1E7E004284AF /* TomodachiAPIUITests */ = {
			isa = PBXGroup;
			children = (
				5F99E4D51C5A1E7E004284AF /* TomodachiAPIUITests.swift */,
				5F99E4D71C5A1E7E004284AF /* Info.plist */,
			);
			path = TomodachiAPIUITests;
			sourceTree = "<group>";
		};
		BAE09E63D8CB85D0A315681A /* Frameworks */ = {
			isa = PBXGroup;
			children = (
				D739FF620C3825CABE7BD5AA /* Pods_TomodachiAPI.framework */,
			);
			name = Frameworks;
			sourceTree = "<group>";
		};
		F3D3855F3CD05ECE035D3AFF /* Pods */ = {
			isa = PBXGroup;
			children = (
				8FDA34B5DFA9F7FFCBF54271 /* Pods-TomodachiAPI.debug.xcconfig */,
				9C542293B778D5D136CEAB68 /* Pods-TomodachiAPI.release.xcconfig */,
			);
			name = Pods;
			sourceTree = "<group>";
		};
/* End PBXGroup section */

/* Begin PBXNativeTarget section */
		5F99E4B11C5A1E7E004284AF /* TomodachiAPI */ = {
			isa = PBXNativeTarget;
			buildConfigurationList = 5F99E4DA1C5A1E7E004284AF /* Build configuration list for PBXNativeTarget "TomodachiAPI" */;
			buildPhases = (
				716192DDA63C8C07A055B3B6 /* Check Pods Manifest.lock */,
				5F99E4AE1C5A1E7E004284AF /* Sources */,
				5F99E4AF1C5A1E7E004284AF /* Frameworks */,
				5F99E4B01C5A1E7E004284AF /* Resources */,
				CFF93F6656EE9A7E64B30194 /* Embed Pods Frameworks */,
				150A02B6C1765DCA26ACDDD7 /* Copy Pods Resources */,
			);
			buildRules = (
			);
			dependencies = (
			);
			name = TomodachiAPI;
			productName = TomodachiAPI;
			productReference = 5F99E4B21C5A1E7E004284AF /* TomodachiAPI.app */;
			productType = "com.apple.product-type.application";
		};
		5F99E4C51C5A1E7E004284AF /* TomodachiAPITests */ = {
			isa = PBXNativeTarget;
			buildConfigurationList = 5F99E4DD1C5A1E7E004284AF /* Build configuration list for PBXNativeTarget "TomodachiAPITests" */;
			buildPhases = (
				5F99E4C21C5A1E7E004284AF /* Sources */,
				5F99E4C31C5A1E7E004284AF /* Frameworks */,
				5F99E4C41C5A1E7E004284AF /* Resources */,
			);
			buildRules = (
			);
			dependencies = (
				5F99E4C81C5A1E7E004284AF /* PBXTargetDependency */,
			);
			name = TomodachiAPITests;
			productName = TomodachiAPITests;
			productReference = 5F99E4C61C5A1E7E004284AF /* TomodachiAPITests.xctest */;
			productType = "com.apple.product-type.bundle.unit-test";
		};
		5F99E4D01C5A1E7E004284AF /* TomodachiAPIUITests */ = {
			isa = PBXNativeTarget;
			buildConfigurationList = 5F99E4E01C5A1E7E004284AF /* Build configuration list for PBXNativeTarget "TomodachiAPIUITests" */;
			buildPhases = (
				5F99E4CD1C5A1E7E004284AF /* Sources */,
				5F99E4CE1C5A1E7E004284AF /* Frameworks */,
				5F99E4CF1C5A1E7E004284AF /* Resources */,
			);
			buildRules = (
			);
			dependencies = (
				5F99E4D31C5A1E7E004284AF /* PBXTargetDependency */,
			);
			name = TomodachiAPIUITests;
			productName = TomodachiAPIUITests;
			productReference = 5F99E4D11C5A1E7E004284AF /* TomodachiAPIUITests.xctest */;
			productType = "com.apple.product-type.bundle.ui-testing";
		};
/* End PBXNativeTarget section */

/* Begin PBXProject section */
		5F99E4AA1C5A1E7E004284AF /* Project object */ = {
			isa = PBXProject;
			attributes = {
				LastSwiftUpdateCheck = 0720;
				LastUpgradeCheck = 0720;
				ORGANIZATIONNAME = KumagaiNaoki;
				TargetAttributes = {
					5F99E4B11C5A1E7E004284AF = {
						CreatedOnToolsVersion = 7.2;
					};
					5F99E4C51C5A1E7E004284AF = {
						CreatedOnToolsVersion = 7.2;
						TestTargetID = 5F99E4B11C5A1E7E004284AF;
					};
					5F99E4D01C5A1E7E004284AF = {
						CreatedOnToolsVersion = 7.2;
						TestTargetID = 5F99E4B11C5A1E7E004284AF;
					};
				};
			};
			buildConfigurationList = 5F99E4AD1C5A1E7E004284AF /* Build configuration list for PBXProject "TomodachiAPI" */;
			compatibilityVersion = "Xcode 3.2";
			developmentRegion = English;
			hasScannedForEncodings = 0;
			knownRegions = (
				en,
				Base,
			);
			mainGroup = 5F99E4A91C5A1E7E004284AF;
			productRefGroup = 5F99E4B31C5A1E7E004284AF /* Products */;
			projectDirPath = "";
			projectRoot = "";
			targets = (
				5F99E4B11C5A1E7E004284AF /* TomodachiAPI */,
				5F99E4C51C5A1E7E004284AF /* TomodachiAPITests */,
				5F99E4D01C5A1E7E004284AF /* TomodachiAPIUITests */,
			);
		};
/* End PBXProject section */

/* Begin PBXResourcesBuildPhase section */
		5F99E4B01C5A1E7E004284AF /* Resources */ = {
			isa = PBXResourcesBuildPhase;
			buildActionMask = 2147483647;
			files = (
				5F99E4C01C5A1E7E004284AF /* LaunchScreen.storyboard in Resources */,
				5F99E4BD1C5A1E7E004284AF /* Assets.xcassets in Resources */,
				5F99E4BB1C5A1E7E004284AF /* Main.storyboard in Resources */,
			);
			runOnlyForDeploymentPostprocessing = 0;
		};
		5F99E4C41C5A1E7E004284AF /* Resources */ = {
			isa = PBXResourcesBuildPhase;
			buildActionMask = 2147483647;
			files = (
			);
			runOnlyForDeploymentPostprocessing = 0;
		};
		5F99E4CF1C5A1E7E004284AF /* Resources */ = {
			isa = PBXResourcesBuildPhase;
			buildActionMask = 2147483647;
			files = (
			);
			runOnlyForDeploymentPostprocessing = 0;
		};
/* End PBXResourcesBuildPhase section */

/* Begin PBXShellScriptBuildPhase section */
		150A02B6C1765DCA26ACDDD7 /* Copy Pods Resources */ = {
			isa = PBXShellScriptBuildPhase;
			buildActionMask = 2147483647;
			files = (
			);
			inputPaths = (
			);
			name = "Copy Pods Resources";
			outputPaths = (
			);
			runOnlyForDeploymentPostprocessing = 0;
			shellPath = /bin/sh;
			shellScript = "\"${SRCROOT}/Pods/Target Support Files/Pods-TomodachiAPI/Pods-TomodachiAPI-resources.sh\"\n";
			showEnvVarsInLog = 0;
		};
		716192DDA63C8C07A055B3B6 /* Check Pods Manifest.lock */ = {
			isa = PBXShellScriptBuildPhase;
			buildActionMask = 2147483647;
			files = (
			);
			inputPaths = (
			);
			name = "Check Pods Manifest.lock";
			outputPaths = (
			);
			runOnlyForDeploymentPostprocessing = 0;
			shellPath = /bin/sh;
			shellScript = "diff \"${PODS_ROOT}/../Podfile.lock\" \"${PODS_ROOT}/Manifest.lock\" > /dev/null\nif [[ $? != 0 ]] ; then\n    cat << EOM\nerror: The sandbox is not in sync with the Podfile.lock. Run 'pod install' or update your CocoaPods installation.\nEOM\n    exit 1\nfi\n";
			showEnvVarsInLog = 0;
		};
		CFF93F6656EE9A7E64B30194 /* Embed Pods Frameworks */ = {
			isa = PBXShellScriptBuildPhase;
			buildActionMask = 2147483647;
			files = (
			);
			inputPaths = (
			);
			name = "Embed Pods Frameworks";
			outputPaths = (
			);
			runOnlyForDeploymentPostprocessing = 0;
			shellPath = /bin/sh;
			shellScript = "\"${SRCROOT}/Pods/Target Support Files/Pods-TomodachiAPI/Pods-TomodachiAPI-frameworks.sh\"\n";
			showEnvVarsInLog = 0;
		};
/* End PBXShellScriptBuildPhase section */

/* Begin PBXSourcesBuildPhase section */
		5F99E4AE1C5A1E7E004284AF /* Sources */ = {
			isa = PBXSourcesBuildPhase;
			buildActionMask = 2147483647;
			files = (
				5F99E4B81C5A1E7E004284AF /* ViewController.swift in Sources */,
				5F99E4B61C5A1E7E004284AF /* AppDelegate.swift in Sources */,
			);
			runOnlyForDeploymentPostprocessing = 0;
		};
		5F99E4C21C5A1E7E004284AF /* Sources */ = {
			isa = PBXSourcesBuildPhase;
			buildActionMask = 2147483647;
			files = (
				5F99E4CB1C5A1E7E004284AF /* TomodachiAPITests.swift in Sources */,
			);
			runOnlyForDeploymentPostprocessing = 0;
		};
		5F99E4CD1C5A1E7E004284AF /* Sources */ = {
			isa = PBXSourcesBuildPhase;
			buildActionMask = 2147483647;
			files = (
				5F99E4D61C5A1E7E004284AF /* TomodachiAPIUITests.swift in Sources */,
			);
			runOnlyForDeploymentPostprocessing = 0;
		};
/* End PBXSourcesBuildPhase section */

/* Begin PBXTargetDependency section */
		5F99E4C81C5A1E7E004284AF /* PBXTargetDependency */ = {
			isa = PBXTargetDependency;
			target = 5F99E4B11C5A1E7E004284AF /* TomodachiAPI */;
			targetProxy = 5F99E4C71C5A1E7E004284AF /* PBXContainerItemProxy */;
		};
		5F99E4D31C5A1E7E004284AF /* PBXTargetDependency */ = {
			isa = PBXTargetDependency;
			target = 5F99E4B11C5A1E7E004284AF /* TomodachiAPI */;
			targetProxy = 5F99E4D21C5A1E7E004284AF /* PBXContainerItemProxy */;
		};
/* End PBXTargetDependency section */

/* Begin PBXVariantGroup section */
		5F99E4B91C5A1E7E004284AF /* Main.storyboard */ = {
			isa = PBXVariantGroup;
			children = (
				5F99E4BA1C5A1E7E004284AF /* Base */,
			);
			name = Main.storyboard;
			sourceTree = "<group>";
		};
		5F99E4BE1C5A1E7E004284AF /* LaunchScreen.storyboard */ = {
			isa = PBXVariantGroup;
			children = (
				5F99E4BF1C5A1E7E004284AF /* Base */,
			);
			name = LaunchScreen.storyboard;
			sourceTree = "<group>";
		};
/* End PBXVariantGroup section */

/* Begin XCBuildConfiguration section */
		5F99E4D81C5A1E7E004284AF /* Debug */ = {
			isa = XCBuildConfiguration;
			buildSettings = {
				ALWAYS_SEARCH_USER_PATHS = NO;
				CLANG_CXX_LANGUAGE_STANDARD = "gnu++0x";
				CLANG_CXX_LIBRARY = "libc++";
				CLANG_ENABLE_MODULES = YES;
				CLANG_ENABLE_OBJC_ARC = YES;
				CLANG_WARN_BOOL_CONVERSION = YES;
				CLANG_WARN_CONSTANT_CONVERSION = YES;
				CLANG_WARN_DIRECT_OBJC_ISA_USAGE = YES_ERROR;
				CLANG_WARN_EMPTY_BODY = YES;
				CLANG_WARN_ENUM_CONVERSION = YES;
				CLANG_WARN_INT_CONVERSION = YES;
				CLANG_WARN_OBJC_ROOT_CLASS = YES_ERROR;
				CLANG_WARN_UNREACHABLE_CODE = YES;
				CLANG_WARN__DUPLICATE_METHOD_MATCH = YES;
				"CODE_SIGN_IDENTITY[sdk=iphoneos*]" = "iPhone Developer";
				COPY_PHASE_STRIP = NO;
				DEBUG_INFORMATION_FORMAT = dwarf;
				ENABLE_STRICT_OBJC_MSGSEND = YES;
				ENABLE_TESTABILITY = YES;
				GCC_C_LANGUAGE_STANDARD = gnu99;
				GCC_DYNAMIC_NO_PIC = NO;
				GCC_NO_COMMON_BLOCKS = YES;
				GCC_OPTIMIZATION_LEVEL = 0;
				GCC_PREPROCESSOR_DEFINITIONS = (
					"DEBUG=1",
					"$(inherited)",
				);
				GCC_WARN_64_TO_32_BIT_CONVERSION = YES;
				GCC_WARN_ABOUT_RETURN_TYPE = YES_ERROR;
				GCC_WARN_UNDECLARED_SELECTOR = YES;
				GCC_WARN_UNINITIALIZED_AUTOS = YES_AGGRESSIVE;
				GCC_WARN_UNUSED_FUNCTION = YES;
				GCC_WARN_UNUSED_VARIABLE = YES;
				IPHONEOS_DEPLOYMENT_TARGET = 9.2;
				MTL_ENABLE_DEBUG_INFO = YES;
				ONLY_ACTIVE_ARCH = YES;
				SDKROOT = iphoneos;
				SWIFT_OPTIMIZATION_LEVEL = "-Onone";
				TARGETED_DEVICE_FAMILY = "1,2";
			};
			name = Debug;
		};
		5F99E4D91C5A1E7E004284AF /* Release */ = {
			isa = XCBuildConfiguration;
			buildSettings = {
				ALWAYS_SEARCH_USER_PATHS = NO;
				CLANG_CXX_LANGUAGE_STANDARD = "gnu++0x";
				CLANG_CXX_LIBRARY = "libc++";
				CLANG_ENABLE_MODULES = YES;
				CLANG_ENABLE_OBJC_ARC = YES;
				CLANG_WARN_BOOL_CONVERSION = YES;
				CLANG_WARN_CONSTANT_CONVERSION = YES;
				CLANG_WARN_DIRECT_OBJC_ISA_USAGE = YES_ERROR;
				CLANG_WARN_EMPTY_BODY = YES;
				CLANG_WARN_ENUM_CONVERSION = YES;
				CLANG_WARN_INT_CONVERSION = YES;
				CLANG_WARN_OBJC_ROOT_CLASS = YES_ERROR;
				CLANG_WARN_UNREACHABLE_CODE = YES;
				CLANG_WARN__DUPLICATE_METHOD_MATCH = YES;
				"CODE_SIGN_IDENTITY[sdk=iphoneos*]" = "iPhone Developer";
				COPY_PHASE_STRIP = NO;
				DEBUG_INFORMATION_FORMAT = "dwarf-with-dsym";
				ENABLE_NS_ASSERTIONS = NO;
				ENABLE_STRICT_OBJC_MSGSEND = YES;
				GCC_C_LANGUAGE_STANDARD = gnu99;
				GCC_NO_COMMON_BLOCKS = YES;
				GCC_WARN_64_TO_32_BIT_CONVERSION = YES;
				GCC_WARN_ABOUT_RETURN_TYPE = YES_ERROR;
				GCC_WARN_UNDECLARED_SELECTOR = YES;
				GCC_WARN_UNINITIALIZED_AUTOS = YES_AGGRESSIVE;
				GCC_WARN_UNUSED_FUNCTION = YES;
				GCC_WARN_UNUSED_VARIABLE = YES;
				IPHONEOS_DEPLOYMENT_TARGET = 9.2;
				MTL_ENABLE_DEBUG_INFO = NO;
				SDKROOT = iphoneos;
				TARGETED_DEVICE_FAMILY = "1,2";
				VALIDATE_PRODUCT = YES;
			};
			name = Release;
		};
		5F99E4DB1C5A1E7E004284AF /* Debug */ = {
			isa = XCBuildConfiguration;
			baseConfigurationReference = 8FDA34B5DFA9F7FFCBF54271 /* Pods-TomodachiAPI.debug.xcconfig */;
			buildSettings = {
				ASSETCATALOG_COMPILER_APPICON_NAME = AppIcon;
				INFOPLIST_FILE = TomodachiAPI/Info.plist;
				LD_RUNPATH_SEARCH_PATHS = "$(inherited) @executable_path/Frameworks";
				PRODUCT_BUNDLE_IDENTIFIER = naoki.kumagai.TomodachiAPI;
				PRODUCT_NAME = "$(TARGET_NAME)";
			};
			name = Debug;
		};
		5F99E4DC1C5A1E7E004284AF /* Release */ = {
			isa = XCBuildConfiguration;
			baseConfigurationReference = 9C542293B778D5D136CEAB68 /* Pods-TomodachiAPI.release.xcconfig */;
			buildSettings = {
				ASSETCATALOG_COMPILER_APPICON_NAME = AppIcon;
				INFOPLIST_FILE = TomodachiAPI/Info.plist;
				LD_RUNPATH_SEARCH_PATHS = "$(inherited) @executable_path/Frameworks";
				PRODUCT_BUNDLE_IDENTIFIER = naoki.kumagai.TomodachiAPI;
				PRODUCT_NAME = "$(TARGET_NAME)";
			};
			name = Release;
		};
		5F99E4DE1C5A1E7E004284AF /* Debug */ = {
			isa = XCBuildConfiguration;
			buildSettings = {
				BUNDLE_LOADER = "$(TEST_HOST)";
				INFOPLIST_FILE = TomodachiAPITests/Info.plist;
				LD_RUNPATH_SEARCH_PATHS = "$(inherited) @executable_path/Frameworks @loader_path/Frameworks";
				PRODUCT_BUNDLE_IDENTIFIER = naoki.kumagai.TomodachiAPITests;
				PRODUCT_NAME = "$(TARGET_NAME)";
				TEST_HOST = "$(BUILT_PRODUCTS_DIR)/TomodachiAPI.app/TomodachiAPI";
			};
			name = Debug;
		};
		5F99E4DF1C5A1E7E004284AF /* Release */ = {
			isa = XCBuildConfiguration;
			buildSettings = {
				BUNDLE_LOADER = "$(TEST_HOST)";
				INFOPLIST_FILE = TomodachiAPITests/Info.plist;
				LD_RUNPATH_SEARCH_PATHS = "$(inherited) @executable_path/Frameworks @loader_path/Frameworks";
				PRODUCT_BUNDLE_IDENTIFIER = naoki.kumagai.TomodachiAPITests;
				PRODUCT_NAME = "$(TARGET_NAME)";
				TEST_HOST = "$(BUILT_PRODUCTS_DIR)/TomodachiAPI.app/TomodachiAPI";
			};
			name = Release;
		};
		5F99E4E11C5A1E7E004284AF /* Debug */ = {
			isa = XCBuildConfiguration;
			buildSettings = {
				INFOPLIST_FILE = TomodachiAPIUITests/Info.plist;
				LD_RUNPATH_SEARCH_PATHS = "$(inherited) @executable_path/Frameworks @loader_path/Frameworks";
				PRODUCT_BUNDLE_IDENTIFIER = naoki.kumagai.TomodachiAPIUITests;
				PRODUCT_NAME = "$(TARGET_NAME)";
				TEST_TARGET_NAME = TomodachiAPI;
				USES_XCTRUNNER = YES;
			};
			name = Debug;
		};
		5F99E4E21C5A1E7E004284AF /* Release */ = {
			isa = XCBuildConfiguration;
			buildSettings = {
				INFOPLIST_FILE = TomodachiAPIUITests/Info.plist;
				LD_RUNPATH_SEARCH_PATHS = "$(inherited) @executable_path/Frameworks @loader_path/Frameworks";
				PRODUCT_BUNDLE_IDENTIFIER = naoki.kumagai.TomodachiAPIUITests;
				PRODUCT_NAME = "$(TARGET_NAME)";
				TEST_TARGET_NAME = TomodachiAPI;
				USES_XCTRUNNER = YES;
			};
			name = Release;
		};
/* End XCBuildConfiguration section */

/* Begin XCConfigurationList section */
		5F99E4AD1C5A1E7E004284AF /* Build configuration list for PBXProject "TomodachiAPI" */ = {
			isa = XCConfigurationList;
			buildConfigurations = (
				5F99E4D81C5A1E7E004284AF /* Debug */,
				5F99E4D91C5A1E7E004284AF /* Release */,
			);
			defaultConfigurationIsVisible = 0;
			defaultConfigurationName = Release;
		};
		5F99E4DA1C5A1E7E004284AF /* Build configuration list for PBXNativeTarget "TomodachiAPI" */ = {
			isa = XCConfigurationList;
			buildConfigurations = (
				5F99E4DB1C5A1E7E004284AF /* Debug */,
				5F99E4DC1C5A1E7E004284AF /* Release */,
			);
			defaultConfigurationIsVisible = 0;
			defaultConfigurationName = Release;
		};
		5F99E4DD1C5A1E7E004284AF /* Build configuration list for PBXNativeTarget "TomodachiAPITests" */ = {
			isa = XCConfigurationList;
			buildConfigurations = (
				5F99E4DE1C5A1E7E004284AF /* Debug */,
				5F99E4DF1C5A1E7E004284AF /* Release */,
			);
			defaultConfigurationIsVisible = 0;
			defaultConfigurationName = Release;
		};
		5F99E4E01C5A1E7E004284AF /* Build configuration list for PBXNativeTarget "TomodachiAPIUITests" */ = {
			isa = XCConfigurationList;
			buildConfigurations = (
				5F99E4E11C5A1E7E004284AF /* Debug */,
				5F99E4E21C5A1E7E004284AF /* Release */,
			);
			defaultConfigurationIsVisible = 0;
			defaultConfigurationName = Release;
		};
/* End XCConfigurationList section */
	};
	rootObject = 5F99E4AA1C5A1E7E004284AF /* Project object */;
}
